
Microsoft Visual Studio Solution File, Format Version 12.00
# Visual Studio Version 17
VisualStudioVersion = 17.5.33516.290
MinimumVisualStudioVersion = 10.0.40219.1
Project("{FAE04EC0-301F-11D3-BF4B-00C04F79EFBC}") = "Task1", "Task1\Task1.csproj", "{98BA257F-6FA0-4376-A6BF-30D6FAE01733}"
EndProject
Global
	GlobalSection(SolutionConfigurationPlatforms) = preSolution
		Debug|Any CPU = Debug|Any CPU
		Release|Any CPU = Release|Any CPU
	EndGlobalSection
	GlobalSection(ProjectConfigurationPlatforms) = postSolution
		{98BA257F-6FA0-4376-A6BF-30D6FAE01733}.Debug|Any CPU.ActiveCfg = Debug|Any CPU
		{98BA257F-6FA0-4376-A6BF-30D6FAE01733}.Debug|Any CPU.Build.0 = Debug|Any CPU
		{98BA257F-6FA0-4376-A6BF-30D6FAE01733}.Release|Any CPU.ActiveCfg = Release|Any CPU
		{98BA257F-6FA0-4376-A6BF-30D6FAE01733}.Release|Any CPU.Build.0 = Release|Any CPU
	EndGlobalSection
	GlobalSection(SolutionProperties) = preSolution
		HideSolutionNode = FALSE
	EndGlobalSection
	GlobalSection(ExtensibilityGlobals) = postSolution
		SolutionGuid = {C2177C3C-1B14-4685-BC1B-5483D826D12D}
	EndGlobalSection
EndGlobal
